{
  "requires": true,
  "lockfileVersion": 1,
  "dependencies": {
    "bootstrap": {
      "version": "4.3.1",
      "resolved": "https://registry.npmjs.org/bootstrap/-/bootstrap-4.3.1.tgz",
      "integrity": "sha512-rXqOmH1VilAt2DyPzluTi2blhk17bO7ef+zLLPlWvG494pDxcM234pJ8wTc/6R40UWizAIIMgxjvxZg5kmsbag=="
    },
    "dialog-polyfill": {
      "version": "0.4.10",
      "resolved": "https://registry.npmjs.org/dialog-polyfill/-/dialog-polyfill-0.4.10.tgz",
      "integrity": "sha512-j5yGMkP8T00UFgyO+78OxiN5vC5dzRQF3BEio+LhNvDbyfxWBsi3sfPArDm54VloaJwy2hm3erEiDWqHRC8rzw=="
    },
    "firebaseui": {
      "version": "4.1.0",
      "resolved": "https://registry.npmjs.org/firebaseui/-/firebaseui-4.1.0.tgz",
      "integrity": "sha512-jZrCv9v8+Dj1mE4yAVeXUw1lBqayFYpXfD3cEdXmx2aZxwF1kpMJuCocnsZeXaFkTcFjYRcjjxakIZmjVp58/A==",
      "requires": {
        "dialog-polyfill": "^0.4.7"
      }
    }
  }
}
